<?xml version="1.0" encoding="utf-8"?>
<Project ToolsVersion="4.0" xmlns="http://schemas.microsoft.com/developer/msbuild/2003">
  <ItemGroup>
    <Filter Include="Source files">
      <UniqueIdentifier>{4FC737F1-C7A5-4376-A066-2A32D752A2FF}</UniqueIdentifier>
      <Extensions>cpp;c;cc;cxx;def;odl;idl;hpj;bat;asm;asmx</Extensions>
    </Filter>
    <Filter Include="Resource files">
      <UniqueIdentifier>{67DA6AB6-F800-4c08-8B7A-83BB121AAD01}</UniqueIdentifier>
      <Extensions>rc;ico;cur;bmp;dlg;rc2;rct;bin;rgs;gif;jpg;jpeg;jpe;resx;tiff;tif;png;wav;mfcribbon-ms</Extensions>
    </Filter>
    <Filter Include="Header files">
      <UniqueIdentifier>{93995380-89BD-4b04-88EB-625FBE52EBFB}</UniqueIdentifier>
      <Extensions>h;hh;hpp;hxx;hm;inl;inc;xsd</Extensions>
    </Filter>
  </ItemGroup>
  <ItemGroup>
    <ClInclude Include="..\BlockPos.h">
      <Filter>Header files</Filter>
    </ClInclude>
    <ClInclude Include="..\Color.h">
      <Filter>Header files</Filter>
    </ClInclude>
    <ClInclude Include="..\config.h">
      <Filter>Header files</Filter>
    </ClInclude>
    <ClInclude Include="..\db.h">
      <Filter>Header files</Filter>
    </ClInclude>
    <ClInclude Include="..\db-leveldb.h">
      <Filter>Header files</Filter>
    </ClInclude>
    <ClInclude Include="..\db-sqlite3.h">
      <Filter>Header files</Filter>
    </ClInclude>
    <ClInclude Include="..\minetest-database.h">
      <Filter>Header files</Filter>
    </ClInclude>
    <ClInclude Include="..\PixelAttributes.h">
      <Filter>Header files</Filter>
    </ClInclude>
    <ClInclude Include="..\PlayerAttributes.h">
      <Filter>Header files</Filter>
    </ClInclude>
    <ClInclude Include="..\TileGenerator.h">
      <Filter>Header files</Filter>
    </ClInclude>
    <ClInclude Include="..\types.h">
      <Filter>Header files</Filter>
    </ClInclude>
    <ClInclude Include="..\ZlibDecompressor.h">
      <Filter>Header files</Filter>
    </ClInclude>
    <ClInclude Include="..\porting.h">
      <Filter>Header files</Filter>
    </ClInclude>
    <ClInclude Include="resource.h">
      <Filter>Header files</Filter>
    </ClInclude>
    <ClInclude Include="..\Settings.h">
      <Filter>Header files</Filter>
    </ClInclude>
    <ClInclude Include="..\CharEncodingConverter.h">
      <Filter>Header files</Filter>
    </ClInclude>
  </ItemGroup>
  <ItemGroup>
    <ResourceCompile Include="minetestmapper.rc">
      <Filter>Resource files</Filter>
    </ResourceCompile>
  </ItemGroup>
  <ItemGroup>
    <ClCompile Include="..\BlockPos.cpp">
      <Filter>Source files</Filter>
    </ClCompile>
    <ClCompile Include="..\Color.cpp">
      <Filter>Source files</Filter>
    </ClCompile>
    <ClCompile Include="..\db-leveldb.cpp">
      <Filter>Source files</Filter>
    </ClCompile>
    <ClCompile Include="..\db-sqlite3.cpp">
      <Filter>Source files</Filter>
    </ClCompile>
    <ClCompile Include="..\mapper.cpp">
      <Filter>Source files</Filter>
    </ClCompile>
    <ClCompile Include="..\PixelAttributes.cpp">
      <Filter>Source files</Filter>
    </ClCompile>
    <ClCompile Include="..\PlayerAttributes.cpp">
      <Filter>Source files</Filter>
    </ClCompile>
    <ClCompile Include="..\TileGenerator.cpp">
      <Filter>Source files</Filter>
    </ClCompile>
    <ClCompile Include="..\ZlibDecompressor.cpp">
      <Filter>Source files</Filter>
    </ClCompile>
    <ClCompile Include="$(MSBuildThisFileDirectory)..\..\lib\native\src\leveldb-single-file.cpp">
      <Filter>Source files</Filter>
    </ClCompile>
    <ClCompile Include="$(MSBuildThisFileDirectory)..\..\lib\native\src\snappy-single-file.cpp">
      <Filter>Source files</Filter>
    </ClCompile>
    <ClCompile Include="$(MSBuildThisFileDirectory)..\..\lib\native\src\crc32c.cpp">
      <Filter>Source files</Filter>
    </ClCompile>
    <ClCompile Include="wingetopt\src\getopt.c">
      <Filter>Source files</Filter>
    </ClCompile>
    <ClCompile Include="..\Settings.cpp">
      <Filter>Source files</Filter>
    </ClCompile>
    <ClCompile Include="..\CharEncodingConverter.cpp">
      <Filter>Source files</Filter>
    </ClCompile>
  </ItemGroup>
  <ItemGroup>
    <None Include="packages.config" />
  </ItemGroup>
</Project>